
Microsoft Visual Studio Solution File, Format Version 12.00
# Visual Studio Version 16
VisualStudioVersion = 16.0.30711.63
MinimumVisualStudioVersion = 10.0.40219.1
Project("{9A19103F-16F7-4668-BE54-9A1E7A4F7556}") = "ExpensesApp.API", "ExpensesApp.API\ExpensesApp.API.csproj", "{ABFBE8B4-6B57-4316-A408-AE169B88332B}"
EndProject
Project("{FAE04EC0-301F-11D3-BF4B-00C04F79EFBC}") = "ExpensesAppDAL", "ExpensesAppDAL\ExpensesAppDAL.csproj", "{64FA7EB0-7220-48B6-ACDE-CA45725D662E}"
EndProject
Global
	GlobalSection(SolutionConfigurationPlatforms) = preSolution
		Debug|Any CPU = Debug|Any CPU
		Release|Any CPU = Release|Any CPU
	EndGlobalSection
	GlobalSection(ProjectConfigurationPlatforms) = postSolution
		{ABFBE8B4-6B57-4316-A408-AE169B88332B}.Debug|Any CPU.ActiveCfg = Debug|Any CPU
		{ABFBE8B4-6B57-4316-A408-AE169B88332B}.Debug|Any CPU.Build.0 = Debug|Any CPU
		{ABFBE8B4-6B57-4316-A408-AE169B88332B}.Release|Any CPU.ActiveCfg = Release|Any CPU
		{ABFBE8B4-6B57-4316-A408-AE169B88332B}.Release|Any CPU.Build.0 = Release|Any CPU
		{64FA7EB0-7220-48B6-ACDE-CA45725D662E}.Debug|Any CPU.ActiveCfg = Debug|Any CPU
		{64FA7EB0-7220-48B6-ACDE-CA45725D662E}.Debug|Any CPU.Build.0 = Debug|Any CPU
		{64FA7EB0-7220-48B6-ACDE-CA45725D662E}.Release|Any CPU.ActiveCfg = Release|Any CPU
		{64FA7EB0-7220-48B6-ACDE-CA45725D662E}.Release|Any CPU.Build.0 = Release|Any CPU
	EndGlobalSection
	GlobalSection(SolutionProperties) = preSolution
		HideSolutionNode = FALSE
	EndGlobalSection
	GlobalSection(ExtensibilityGlobals) = postSolution
		SolutionGuid = {BAB73F7C-EFD3-4052-A567-2EB6248C9E0C}
	EndGlobalSection
EndGlobal
